
Microsoft Visual Studio Solution File, Format Version 12.00
# Visual Studio Version 17
VisualStudioVersion = 17.6.33829.357
MinimumVisualStudioVersion = 10.0.40219.1
Project("{FAE04EC0-301F-11D3-BF4B-00C04F79EFBC}") = "RestSharp_Products_Demo", "RestSharp_Products_Demo\RestSharp_Products_Demo.csproj", "{14FF554F-11F8-4CA4-9674-924F2CE42B49}"
EndProject
Global
	GlobalSection(SolutionConfigurationPlatforms) = preSolution
		Debug|Any CPU = Debug|Any CPU
		Release|Any CPU = Release|Any CPU
	EndGlobalSection
	GlobalSection(ProjectConfigurationPlatforms) = postSolution
		{14FF554F-11F8-4CA4-9674-924F2CE42B49}.Debug|Any CPU.ActiveCfg = Debug|Any CPU
		{14FF554F-11F8-4CA4-9674-924F2CE42B49}.Debug|Any CPU.Build.0 = Debug|Any CPU
		{14FF554F-11F8-4CA4-9674-924F2CE42B49}.Release|Any CPU.ActiveCfg = Release|Any CPU
		{14FF554F-11F8-4CA4-9674-924F2CE42B49}.Release|Any CPU.Build.0 = Release|Any CPU
	EndGlobalSection
	GlobalSection(SolutionProperties) = preSolution
		HideSolutionNode = FALSE
	EndGlobalSection
	GlobalSection(ExtensibilityGlobals) = postSolution
		SolutionGuid = {08374B08-B87A-4DA9-AA2F-5C38A50618B7}
	EndGlobalSection
EndGlobal
